
Microsoft Visual Studio Solution File, Format Version 12.00
# Visual Studio 14
VisualStudioVersion = 14.0.25123.0
MinimumVisualStudioVersion = 10.0.40219.1
Project("{FAE04EC0-301F-11D3-BF4B-00C04F79EFBC}") = "FilterByCyrillicPhrases", "FilterByCyrillicPhrases\FilterByCyrillicPhrases.csproj", "{6F896048-66B1-4028-AA23-BEAD77D8A7E2}"
EndProject
Project("{FAE04EC0-301F-11D3-BF4B-00C04F79EFBC}") = "Miktemk.TextToSpeech", "Miktemk.TextToSpeech\Miktemk.TextToSpeech.csproj", "{D07342C6-B946-4E15-876F-12A52E90EF9B}"
EndProject
Project("{FAE04EC0-301F-11D3-BF4B-00C04F79EFBC}") = "TTSingMultiLang", "TTSingMultiLang\TTSingMultiLang.csproj", "{3BA43B66-5AF1-4714-95CD-8B95C5D17852}"
EndProject
Global
	GlobalSection(SolutionConfigurationPlatforms) = preSolution
		Debug|Any CPU = Debug|Any CPU
		Release|Any CPU = Release|Any CPU
	EndGlobalSection
	GlobalSection(ProjectConfigurationPlatforms) = postSolution
		{6F896048-66B1-4028-AA23-BEAD77D8A7E2}.Debug|Any CPU.ActiveCfg = Debug|Any CPU
		{6F896048-66B1-4028-AA23-BEAD77D8A7E2}.Debug|Any CPU.Build.0 = Debug|Any CPU
		{6F896048-66B1-4028-AA23-BEAD77D8A7E2}.Release|Any CPU.ActiveCfg = Release|Any CPU
		{6F896048-66B1-4028-AA23-BEAD77D8A7E2}.Release|Any CPU.Build.0 = Release|Any CPU
		{D07342C6-B946-4E15-876F-12A52E90EF9B}.Debug|Any CPU.ActiveCfg = Debug|Any CPU
		{D07342C6-B946-4E15-876F-12A52E90EF9B}.Debug|Any CPU.Build.0 = Debug|Any CPU
		{D07342C6-B946-4E15-876F-12A52E90EF9B}.Release|Any CPU.ActiveCfg = Release|Any CPU
		{D07342C6-B946-4E15-876F-12A52E90EF9B}.Release|Any CPU.Build.0 = Release|Any CPU
		{3BA43B66-5AF1-4714-95CD-8B95C5D17852}.Debug|Any CPU.ActiveCfg = Debug|Any CPU
		{3BA43B66-5AF1-4714-95CD-8B95C5D17852}.Debug|Any CPU.Build.0 = Debug|Any CPU
		{3BA43B66-5AF1-4714-95CD-8B95C5D17852}.Release|Any CPU.ActiveCfg = Release|Any CPU
		{3BA43B66-5AF1-4714-95CD-8B95C5D17852}.Release|Any CPU.Build.0 = Release|Any CPU
	EndGlobalSection
	GlobalSection(SolutionProperties) = preSolution
		HideSolutionNode = FALSE
	EndGlobalSection
EndGlobal
